
Microsoft Visual Studio Solution File, Format Version 12.00
# Visual Studio Version 17
VisualStudioVersion = 17.8.34330.188
MinimumVisualStudioVersion = 10.0.40219.1
Project("{FAE04EC0-301F-11D3-BF4B-00C04F79EFBC}") = "LiteState", "LiteState\LiteState.csproj", "{37EF0928-9338-4100-9825-295FA25E7FC0}"
EndProject
Project("{2150E333-8FDC-42A3-9474-1A3956D46DE8}") = "Samples", "Samples", "{BE9AA713-B8C1-4E27-B460-D1619A806392}"
EndProject
Project("{FAE04EC0-301F-11D3-BF4B-00C04F79EFBC}") = "SamplePhone", "SamplePhone\SamplePhone.csproj", "{2D386F59-2CAA-4B49-AD11-AD0C99DF1687}"
EndProject
Global
	GlobalSection(SolutionConfigurationPlatforms) = preSolution
		Debug|Any CPU = Debug|Any CPU
		Release|Any CPU = Release|Any CPU
	EndGlobalSection
	GlobalSection(ProjectConfigurationPlatforms) = postSolution
		{37EF0928-9338-4100-9825-295FA25E7FC0}.Debug|Any CPU.ActiveCfg = Debug|Any CPU
		{37EF0928-9338-4100-9825-295FA25E7FC0}.Debug|Any CPU.Build.0 = Debug|Any CPU
		{37EF0928-9338-4100-9825-295FA25E7FC0}.Release|Any CPU.ActiveCfg = Release|Any CPU
		{37EF0928-9338-4100-9825-295FA25E7FC0}.Release|Any CPU.Build.0 = Release|Any CPU
		{2D386F59-2CAA-4B49-AD11-AD0C99DF1687}.Debug|Any CPU.ActiveCfg = Debug|Any CPU
		{2D386F59-2CAA-4B49-AD11-AD0C99DF1687}.Debug|Any CPU.Build.0 = Debug|Any CPU
		{2D386F59-2CAA-4B49-AD11-AD0C99DF1687}.Release|Any CPU.ActiveCfg = Release|Any CPU
		{2D386F59-2CAA-4B49-AD11-AD0C99DF1687}.Release|Any CPU.Build.0 = Release|Any CPU
	EndGlobalSection
	GlobalSection(SolutionProperties) = preSolution
		HideSolutionNode = FALSE
	EndGlobalSection
	GlobalSection(NestedProjects) = preSolution
		{2D386F59-2CAA-4B49-AD11-AD0C99DF1687} = {BE9AA713-B8C1-4E27-B460-D1619A806392}
	EndGlobalSection
	GlobalSection(ExtensibilityGlobals) = postSolution
		SolutionGuid = {FC070A48-EC49-48F6-A993-7D33FB7A7A3A}
	EndGlobalSection
EndGlobal
